// !$*UTF8*$!
{
	archiveVersion = 1;
	classes = {
	};
	objectVersion = 63;
	objects = {

/* Begin PBXBuildFile section */
		0DF69D8673B1942FB1336F06 /* MapScreenState.swift in Sources */ = {isa = PBXBuildFile; fileRef = 5FBF28778AF7C69E7B6789BF /* MapScreenState.swift */; };
		16CB2C36B207FB2B451DE487 /* ExplorationStore.swift in Sources */ = {isa = PBXBuildFile; fileRef = 1B709B32B60318717DA9EEC1 /* ExplorationStore.swift */; };
		1BC77F0D8634170E9E61E84F /* MemoryMedia.swift in Sources */ = {isa = PBXBuildFile; fileRef = D43B208E8AB43AFC434089B3 /* MemoryMedia.swift */; };
		267A3D9AD562FD9EB3744E13 /* PointOfInterest.swift in Sources */ = {isa = PBXBuildFile; fileRef = 30EC77F863A9C094EC9FC979 /* PointOfInterest.swift */; };
		2A347185509793B3DA244206 /* AppStrings.swift in Sources */ = {isa = PBXBuildFile; fileRef = 39A104DC9D4CE442E593DCA5 /* AppStrings.swift */; };
		2E35C404A4AAFBEC1680C781 /* map.placeholder.png in Resources */ = {isa = PBXBuildFile; fileRef = 136A509CE3D45AAAFE56AF84 /* map.placeholder.png */; };
		3C5007E7D11717F504FB8A90 /* YOMApp.swift in Sources */ = {isa = PBXBuildFile; fileRef = D7BDBF9EB1B292ED4D8B8791 /* YOMApp.swift */; };
		3D8EEB0C927F2B93A9114468 /* MemoryDetailView.swift in Sources */ = {isa = PBXBuildFile; fileRef = A135E5110EE95B03984F7F5B /* MemoryDetailView.swift */; };
		3E87E4445A586E0460B568DE /* DSTokens.swift in Sources */ = {isa = PBXBuildFile; fileRef = F0F2624E7F7291B5F9D5C12E /* DSTokens.swift */; };
		3F1CEBD54D3D9E4FBE9CAD46 /* settings.placeholder.png in Resources */ = {isa = PBXBuildFile; fileRef = 633A005655861F649723A1C9 /* settings.placeholder.png */; };
		4421FE1CCADFFAEC966DF5C4 /* README.md in Resources */ = {isa = PBXBuildFile; fileRef = 2442BC29B025B09108379389 /* README.md */; };
		5053FD46BBD3852A3B1512BC /* CardRenderer.swift in Sources */ = {isa = PBXBuildFile; fileRef = 401EA9B16E8C3F87AB990C81 /* CardRenderer.swift */; };
		50FEA284F803FAE6932CC538 /* ArchiveTabRootView.swift in Sources */ = {isa = PBXBuildFile; fileRef = A2F79C7D76B758867CF0795D /* ArchiveTabRootView.swift */; };
		5224457B3722C17CDA74721F /* UnlockEvaluator.swift in Sources */ = {isa = PBXBuildFile; fileRef = 252E7FAC6EDAB03443E98A57 /* UnlockEvaluator.swift */; };
		590F534AF777709B3A572B00 /* archive.placeholder.png in Resources */ = {isa = PBXBuildFile; fileRef = B74B4DDF470B3FE2AF2F270C /* archive.placeholder.png */; };
		5FD08817BF8205034ECBF0B7 /* MemoryMedia.swift in Sources */ = {isa = PBXBuildFile; fileRef = D43B208E8AB43AFC434089B3 /* MemoryMedia.swift */; };
		601C35A9B00A1DB151051547 /* AppRootView.swift in Sources */ = {isa = PBXBuildFile; fileRef = AEB87C6F11C9CD08D683B7ED /* AppRootView.swift */; };
		62E55933CB7FAE879BBA583E /* PassiveExperienceCoordinator.swift in Sources */ = {isa = PBXBuildFile; fileRef = 9072985362747E255A95BE64 /* PassiveExperienceCoordinator.swift */; };
		659AD0CD87FC99CD97C63339 /* memories.json in Resources */ = {isa = PBXBuildFile; fileRef = 69FC31DDF3B3678D5968A1AE /* memories.json */; };
		6DF020899618E87E4DAB578D /* retrieval.placeholder.png in Resources */ = {isa = PBXBuildFile; fileRef = 06969068DE1334E920A61CAF /* retrieval.placeholder.png */; };
		6F56675147CF7A0A23537C35 /* onboarding.png in Resources */ = {isa = PBXBuildFile; fileRef = 9393F47E91684A0D2B4E648F /* onboarding.png */; };
		70FD728FE411A08F561A9663 /* map.png in Resources */ = {isa = PBXBuildFile; fileRef = 60205C615DE460D076FE791C /* map.png */; };
		7173E8FA5FCD7A54B7D636B3 /* GeofenceMonitor.swift in Sources */ = {isa = PBXBuildFile; fileRef = AA7754BF47A285A27CEFF31E /* GeofenceMonitor.swift */; };
		7EFCE0389BDC4C57C072FFC8 /* onboarding.placeholder.png in Resources */ = {isa = PBXBuildFile; fileRef = 18F0C34008F6C5F3BEA9DD90 /* onboarding.placeholder.png */; };
		80BA78F819D86A875444BF87 /* RetrievalView.swift in Sources */ = {isa = PBXBuildFile; fileRef = 56ACACA61D8E261D6E98C107 /* RetrievalView.swift */; };
		838D29796657FC21910F96C5 /* archive.png in Resources */ = {isa = PBXBuildFile; fileRef = AEC4529220376050821E902A /* archive.png */; };
		844089E0C5B5082646303A3F /* retrieval.png in Resources */ = {isa = PBXBuildFile; fileRef = 8D3533A3CB46AEEFABB8BEE6 /* retrieval.png */; };
		84F07A743C05A628C18F0556 /* OnboardingFlowView.swift in Sources */ = {isa = PBXBuildFile; fileRef = F8E3F8D2A538452DAA45EFD9 /* OnboardingFlowView.swift */; };
		9059F21185203B1011C6A538 /* Assets.xcassets in Resources */ = {isa = PBXBuildFile; fileRef = 736C926176A25F375E2414E7 /* Assets.xcassets */; };
		922815F7B002ED3086F72266 /* YOMUITests.swift in Sources */ = {isa = PBXBuildFile; fileRef = F4CD603EFFFA6C72C1051A20 /* YOMUITests.swift */; };
		94825F1141F1B7D898AE97BF /* SettingsTabRootView.swift in Sources */ = {isa = PBXBuildFile; fileRef = 814CFBBB975C559A04614B3B /* SettingsTabRootView.swift */; };
		94CB96CDA7FE541504CF1DC3 /* DSStyles.swift in Sources */ = {isa = PBXBuildFile; fileRef = DDE8EBE7EBC95A4B4258374F /* DSStyles.swift */; };
		9A058177E5831C53A785F133 /* AppStrings+Core.swift in Sources */ = {isa = PBXBuildFile; fileRef = 072D6B479DEFACDD7C3458B8 /* AppStrings+Core.swift */; };
		9DE4DD13BAD6DAE0F128AF3E /* GeofenceMonitorTests.swift in Sources */ = {isa = PBXBuildFile; fileRef = DD9C3B0E7F62AADE3CCACF75 /* GeofenceMonitorTests.swift */; };
		A478C83F02510668DCFCA5D2 /* AppStrings+Archive.swift in Sources */ = {isa = PBXBuildFile; fileRef = F3E1FFC12E94230847715E65 /* AppStrings+Archive.swift */; };
		A4E4E7C3E2E315F6835D3768 /* AppStrings+Memory.swift in Sources */ = {isa = PBXBuildFile; fileRef = F6F05EDEED7346C3B3EDDC3B /* AppStrings+Memory.swift */; };
		A651A1DE33BD5937504271F8 /* PointOfInterest.swift in Sources */ = {isa = PBXBuildFile; fileRef = 30EC77F863A9C094EC9FC979 /* PointOfInterest.swift */; };
		A67C12A502395A7EAC066C27 /* CardRenderer.swift in Sources */ = {isa = PBXBuildFile; fileRef = 401EA9B16E8C3F87AB990C81 /* CardRenderer.swift */; };
		A98BA8BAE8A7AD5AD0254CB8 /* GeofenceMonitor.swift in Sources */ = {isa = PBXBuildFile; fileRef = AA7754BF47A285A27CEFF31E /* GeofenceMonitor.swift */; };
		B14636EEE3FE576D94B574FC /* MapSearchModel.swift in Sources */ = {isa = PBXBuildFile; fileRef = 29B05BBE33799E95F538C33E /* MapSearchModel.swift */; };
		B2FBED56AED2D4DC6377871D /* AppShellState.swift in Sources */ = {isa = PBXBuildFile; fileRef = 330C4CF0526472DBA280F754 /* AppShellState.swift */; };
		B5B32F591194C137C1175308 /* UserLocationProvider.swift in Sources */ = {isa = PBXBuildFile; fileRef = 654C28D6805118895B1FE18B /* UserLocationProvider.swift */; };
		B9E5CE9B636F85E80F71A0FF /* AccessibilityTests.swift in Sources */ = {isa = PBXBuildFile; fileRef = A2931891EB613F90AF248C7A /* AccessibilityTests.swift */; };
		BA228EF987DAA1271F761E13 /* DSTypography.swift in Sources */ = {isa = PBXBuildFile; fileRef = B8AFC57212BDA90BF498EF20 /* DSTypography.swift */; };
		BFD665EE546524AD2BB750CE /* CardRendererTests.swift in Sources */ = {isa = PBXBuildFile; fileRef = 42389B5368866A291F40305C /* CardRendererTests.swift */; };
		C544FE1D182E2F5F4BA8165A /* NotificationOrchestratorTests.swift in Sources */ = {isa = PBXBuildFile; fileRef = EF92B88F9476B4C9F938CE6F /* NotificationOrchestratorTests.swift */; };
		C6A65EA6A27178F5A68CD3F9 /* AppStrings+Map.swift in Sources */ = {isa = PBXBuildFile; fileRef = 874A2A87D3A8C8B0C16D602D /* AppStrings+Map.swift */; };
		C7929043832825A6D91E6580 /* MapSearchOverlayCard.swift in Sources */ = {isa = PBXBuildFile; fileRef = 11479DCBF57389B366329360 /* MapSearchOverlayCard.swift */; };
		CB392527338439FDEF6959CD /* ExplorationStoreTests.swift in Sources */ = {isa = PBXBuildFile; fileRef = A819E9BC1E2CAB35968DE004 /* ExplorationStoreTests.swift */; };
		D02C1CDE827A43451BF0C245 /* MapSearchField.swift in Sources */ = {isa = PBXBuildFile; fileRef = 0A47498EFCF9E3203EA1AA21 /* MapSearchField.swift */; };
		D34D91DD5ED11CBBB385A55B /* LocalMemoryRepository.swift in Sources */ = {isa = PBXBuildFile; fileRef = 3318D1BBACAAC0B2F8253145 /* LocalMemoryRepository.swift */; };
		DA7CE9EBDCABD70173FF7D6B /* LanguageStore.swift in Sources */ = {isa = PBXBuildFile; fileRef = E48BA3076C1C631CC5B040BD /* LanguageStore.swift */; };
		DAE8929ABEC1BB15702D7B6C /* MapPreviewViews.swift in Sources */ = {isa = PBXBuildFile; fileRef = 04EAE625BDDF8DBD84047060 /* MapPreviewViews.swift */; };
		DEF9AA24EB749EF82E7CB933 /* PassiveExperienceCoordinator.swift in Sources */ = {isa = PBXBuildFile; fileRef = 9072985362747E255A95BE64 /* PassiveExperienceCoordinator.swift */; };
		E05F016222E375771EDD53F5 /* AppLanguage.swift in Sources */ = {isa = PBXBuildFile; fileRef = 6F9215FF8C831F5F25ADF69B /* AppLanguage.swift */; };
		E1F3C2EBEBA6F1DB68A27C43 /* AppStrings+Settings.swift in Sources */ = {isa = PBXBuildFile; fileRef = 8E4732824026900BCF39470D /* AppStrings+Settings.swift */; };
		EAEF1AD84157D5AA28AE5D29 /* MemoryPoint.swift in Sources */ = {isa = PBXBuildFile; fileRef = BE360DB4018FD969BE4FE19B /* MemoryPoint.swift */; };
		EF7479425D38987B773C78F5 /* NotificationOrchestrator.swift in Sources */ = {isa = PBXBuildFile; fileRef = 6280035E6B816EBDE64B4400 /* NotificationOrchestrator.swift */; };
		F067CDB71554903EA8297B0E /* ExplorationStore.swift in Sources */ = {isa = PBXBuildFile; fileRef = 1B709B32B60318717DA9EEC1 /* ExplorationStore.swift */; };
		F5C2F86251E20844932CB975 /* AppLanguage.swift in Sources */ = {isa = PBXBuildFile; fileRef = 6F9215FF8C831F5F25ADF69B /* AppLanguage.swift */; };
		F8DCC8888CDA9F29AA55DD2A /* MapTabRootView.swift in Sources */ = {isa = PBXBuildFile; fileRef = 9EEC5CF1D0E364422DB2B5A4 /* MapTabRootView.swift */; };
		F9552EB6C9322D5738644B37 /* NotificationOrchestrator.swift in Sources */ = {isa = PBXBuildFile; fileRef = 6280035E6B816EBDE64B4400 /* NotificationOrchestrator.swift */; };
		FE75F52302B4546C3EBA47DD /* MemoryPoint.swift in Sources */ = {isa = PBXBuildFile; fileRef = BE360DB4018FD969BE4FE19B /* MemoryPoint.swift */; };
		FE9553239FD82E9BE8F30164 /* settings.png in Resources */ = {isa = PBXBuildFile; fileRef = CBEF9F5DE58BCCAA8C63AE2A /* settings.png */; };
/* End PBXBuildFile section */

/* Begin PBXContainerItemProxy section */
		0DEB1BAB52D5B8482C1E28D2 /* PBXContainerItemProxy */ = {
			isa = PBXContainerItemProxy;
			containerPortal = E0CDE8C4665D4E441269BD66 /* Project object */;
			proxyType = 1;
			remoteGlobalIDString = 8999E9E7BAAD80538C1EF326;
			remoteInfo = YOM;
		};
/* End PBXContainerItemProxy section */

/* Begin PBXFileReference section */
		04EAE625BDDF8DBD84047060 /* MapPreviewViews.swift */ = {isa = PBXFileReference; lastKnownFileType = sourcecode.swift; path = MapPreviewViews.swift; sourceTree = "<group>"; };
		06969068DE1334E920A61CAF /* retrieval.placeholder.png */ = {isa = PBXFileReference; lastKnownFileType = image.png; path = retrieval.placeholder.png; sourceTree = "<group>"; };
		072D6B479DEFACDD7C3458B8 /* AppStrings+Core.swift */ = {isa = PBXFileReference; lastKnownFileType = sourcecode.swift; path = "AppStrings+Core.swift"; sourceTree = "<group>"; };
		0A47498EFCF9E3203EA1AA21 /* MapSearchField.swift */ = {isa = PBXFileReference; lastKnownFileType = sourcecode.swift; path = MapSearchField.swift; sourceTree = "<group>"; };
		11479DCBF57389B366329360 /* MapSearchOverlayCard.swift */ = {isa = PBXFileReference; lastKnownFileType = sourcecode.swift; path = MapSearchOverlayCard.swift; sourceTree = "<group>"; };
		136A509CE3D45AAAFE56AF84 /* map.placeholder.png */ = {isa = PBXFileReference; lastKnownFileType = image.png; path = map.placeholder.png; sourceTree = "<group>"; };
		18F0C34008F6C5F3BEA9DD90 /* onboarding.placeholder.png */ = {isa = PBXFileReference; lastKnownFileType = image.png; path = onboarding.placeholder.png; sourceTree = "<group>"; };
		1B709B32B60318717DA9EEC1 /* ExplorationStore.swift */ = {isa = PBXFileReference; lastKnownFileType = sourcecode.swift; path = ExplorationStore.swift; sourceTree = "<group>"; };
		2442BC29B025B09108379389 /* README.md */ = {isa = PBXFileReference; lastKnownFileType = net.daringfireball.markdown; path = README.md; sourceTree = "<group>"; };
		252E7FAC6EDAB03443E98A57 /* UnlockEvaluator.swift */ = {isa = PBXFileReference; lastKnownFileType = sourcecode.swift; path = UnlockEvaluator.swift; sourceTree = "<group>"; };
		29B05BBE33799E95F538C33E /* MapSearchModel.swift */ = {isa = PBXFileReference; lastKnownFileType = sourcecode.swift; path = MapSearchModel.swift; sourceTree = "<group>"; };
		30EC77F863A9C094EC9FC979 /* PointOfInterest.swift */ = {isa = PBXFileReference; lastKnownFileType = sourcecode.swift; path = PointOfInterest.swift; sourceTree = "<group>"; };
		330C4CF0526472DBA280F754 /* AppShellState.swift */ = {isa = PBXFileReference; lastKnownFileType = sourcecode.swift; path = AppShellState.swift; sourceTree = "<group>"; };
		3318D1BBACAAC0B2F8253145 /* LocalMemoryRepository.swift */ = {isa = PBXFileReference; lastKnownFileType = sourcecode.swift; path = LocalMemoryRepository.swift; sourceTree = "<group>"; };
		39A104DC9D4CE442E593DCA5 /* AppStrings.swift */ = {isa = PBXFileReference; lastKnownFileType = sourcecode.swift; path = AppStrings.swift; sourceTree = "<group>"; };
		401EA9B16E8C3F87AB990C81 /* CardRenderer.swift */ = {isa = PBXFileReference; lastKnownFileType = sourcecode.swift; path = CardRenderer.swift; sourceTree = "<group>"; };
		42389B5368866A291F40305C /* CardRendererTests.swift */ = {isa = PBXFileReference; lastKnownFileType = sourcecode.swift; path = CardRendererTests.swift; sourceTree = "<group>"; };
		56ACACA61D8E261D6E98C107 /* RetrievalView.swift */ = {isa = PBXFileReference; lastKnownFileType = sourcecode.swift; path = RetrievalView.swift; sourceTree = "<group>"; };
		5FBF28778AF7C69E7B6789BF /* MapScreenState.swift */ = {isa = PBXFileReference; lastKnownFileType = sourcecode.swift; path = MapScreenState.swift; sourceTree = "<group>"; };
		60205C615DE460D076FE791C /* map.png */ = {isa = PBXFileReference; lastKnownFileType = image.png; path = map.png; sourceTree = "<group>"; };
		6280035E6B816EBDE64B4400 /* NotificationOrchestrator.swift */ = {isa = PBXFileReference; lastKnownFileType = sourcecode.swift; path = NotificationOrchestrator.swift; sourceTree = "<group>"; };
		633A005655861F649723A1C9 /* settings.placeholder.png */ = {isa = PBXFileReference; lastKnownFileType = image.png; path = settings.placeholder.png; sourceTree = "<group>"; };
		654C28D6805118895B1FE18B /* UserLocationProvider.swift */ = {isa = PBXFileReference; lastKnownFileType = sourcecode.swift; path = UserLocationProvider.swift; sourceTree = "<group>"; };
		69FC31DDF3B3678D5968A1AE /* memories.json */ = {isa = PBXFileReference; lastKnownFileType = text.json; path = memories.json; sourceTree = "<group>"; };
		6F9215FF8C831F5F25ADF69B /* AppLanguage.swift */ = {isa = PBXFileReference; lastKnownFileType = sourcecode.swift; path = AppLanguage.swift; sourceTree = "<group>"; };
		736C926176A25F375E2414E7 /* Assets.xcassets */ = {isa = PBXFileReference; lastKnownFileType = folder.assetcatalog; path = Assets.xcassets; sourceTree = "<group>"; };
		814CFBBB975C559A04614B3B /* SettingsTabRootView.swift */ = {isa = PBXFileReference; lastKnownFileType = sourcecode.swift; path = SettingsTabRootView.swift; sourceTree = "<group>"; };
		874A2A87D3A8C8B0C16D602D /* AppStrings+Map.swift */ = {isa = PBXFileReference; lastKnownFileType = sourcecode.swift; path = "AppStrings+Map.swift"; sourceTree = "<group>"; };
		8D3533A3CB46AEEFABB8BEE6 /* retrieval.png */ = {isa = PBXFileReference; lastKnownFileType = image.png; path = retrieval.png; sourceTree = "<group>"; };
		8E4732824026900BCF39470D /* AppStrings+Settings.swift */ = {isa = PBXFileReference; lastKnownFileType = sourcecode.swift; path = "AppStrings+Settings.swift"; sourceTree = "<group>"; };
		9072985362747E255A95BE64 /* PassiveExperienceCoordinator.swift */ = {isa = PBXFileReference; lastKnownFileType = sourcecode.swift; path = PassiveExperienceCoordinator.swift; sourceTree = "<group>"; };
		9393F47E91684A0D2B4E648F /* onboarding.png */ = {isa = PBXFileReference; lastKnownFileType = image.png; path = onboarding.png; sourceTree = "<group>"; };
		9EEC5CF1D0E364422DB2B5A4 /* MapTabRootView.swift */ = {isa = PBXFileReference; lastKnownFileType = sourcecode.swift; path = MapTabRootView.swift; sourceTree = "<group>"; };
		A135E5110EE95B03984F7F5B /* MemoryDetailView.swift */ = {isa = PBXFileReference; lastKnownFileType = sourcecode.swift; path = MemoryDetailView.swift; sourceTree = "<group>"; };
		A2931891EB613F90AF248C7A /* AccessibilityTests.swift */ = {isa = PBXFileReference; lastKnownFileType = sourcecode.swift; path = AccessibilityTests.swift; sourceTree = "<group>"; };
		A2F79C7D76B758867CF0795D /* ArchiveTabRootView.swift */ = {isa = PBXFileReference; lastKnownFileType = sourcecode.swift; path = ArchiveTabRootView.swift; sourceTree = "<group>"; };
		A819E9BC1E2CAB35968DE004 /* ExplorationStoreTests.swift */ = {isa = PBXFileReference; lastKnownFileType = sourcecode.swift; path = ExplorationStoreTests.swift; sourceTree = "<group>"; };
		AA7754BF47A285A27CEFF31E /* GeofenceMonitor.swift */ = {isa = PBXFileReference; lastKnownFileType = sourcecode.swift; path = GeofenceMonitor.swift; sourceTree = "<group>"; };
		AEB87C6F11C9CD08D683B7ED /* AppRootView.swift */ = {isa = PBXFileReference; lastKnownFileType = sourcecode.swift; path = AppRootView.swift; sourceTree = "<group>"; };
		AEC4529220376050821E902A /* archive.png */ = {isa = PBXFileReference; lastKnownFileType = image.png; path = archive.png; sourceTree = "<group>"; };
		B6E3F6C94A84994F1B12C854 /* YOM.app */ = {isa = PBXFileReference; explicitFileType = wrapper.application; includeInIndex = 0; path = YOM.app; sourceTree = BUILT_PRODUCTS_DIR; };
		B74B4DDF470B3FE2AF2F270C /* archive.placeholder.png */ = {isa = PBXFileReference; lastKnownFileType = image.png; path = archive.placeholder.png; sourceTree = "<group>"; };
		B8AFC57212BDA90BF498EF20 /* DSTypography.swift */ = {isa = PBXFileReference; lastKnownFileType = sourcecode.swift; path = DSTypography.swift; sourceTree = "<group>"; };
		BE360DB4018FD969BE4FE19B /* MemoryPoint.swift */ = {isa = PBXFileReference; lastKnownFileType = sourcecode.swift; path = MemoryPoint.swift; sourceTree = "<group>"; };
		CBEF9F5DE58BCCAA8C63AE2A /* settings.png */ = {isa = PBXFileReference; lastKnownFileType = image.png; path = settings.png; sourceTree = "<group>"; };
		D43B208E8AB43AFC434089B3 /* MemoryMedia.swift */ = {isa = PBXFileReference; lastKnownFileType = sourcecode.swift; path = MemoryMedia.swift; sourceTree = "<group>"; };
		D7BDBF9EB1B292ED4D8B8791 /* YOMApp.swift */ = {isa = PBXFileReference; lastKnownFileType = sourcecode.swift; path = YOMApp.swift; sourceTree = "<group>"; };
		DD9C3B0E7F62AADE3CCACF75 /* GeofenceMonitorTests.swift */ = {isa = PBXFileReference; lastKnownFileType = sourcecode.swift; path = GeofenceMonitorTests.swift; sourceTree = "<group>"; };
		DDE8EBE7EBC95A4B4258374F /* DSStyles.swift */ = {isa = PBXFileReference; lastKnownFileType = sourcecode.swift; path = DSStyles.swift; sourceTree = "<group>"; };
		E48BA3076C1C631CC5B040BD /* LanguageStore.swift */ = {isa = PBXFileReference; lastKnownFileType = sourcecode.swift; path = LanguageStore.swift; sourceTree = "<group>"; };
		EB9BA07413744F5858115582 /* YOMUITests.xctest */ = {isa = PBXFileReference; explicitFileType = wrapper.cfbundle; includeInIndex = 0; path = YOMUITests.xctest; sourceTree = BUILT_PRODUCTS_DIR; };
		EF92B88F9476B4C9F938CE6F /* NotificationOrchestratorTests.swift */ = {isa = PBXFileReference; lastKnownFileType = sourcecode.swift; path = NotificationOrchestratorTests.swift; sourceTree = "<group>"; };
		F0F2624E7F7291B5F9D5C12E /* DSTokens.swift */ = {isa = PBXFileReference; lastKnownFileType = sourcecode.swift; path = DSTokens.swift; sourceTree = "<group>"; };
		F3E1FFC12E94230847715E65 /* AppStrings+Archive.swift */ = {isa = PBXFileReference; lastKnownFileType = sourcecode.swift; path = "AppStrings+Archive.swift"; sourceTree = "<group>"; };
		F4CD603EFFFA6C72C1051A20 /* YOMUITests.swift */ = {isa = PBXFileReference; lastKnownFileType = sourcecode.swift; path = YOMUITests.swift; sourceTree = "<group>"; };
		F6F05EDEED7346C3B3EDDC3B /* AppStrings+Memory.swift */ = {isa = PBXFileReference; lastKnownFileType = sourcecode.swift; path = "AppStrings+Memory.swift"; sourceTree = "<group>"; };
		F8E3F8D2A538452DAA45EFD9 /* OnboardingFlowView.swift */ = {isa = PBXFileReference; lastKnownFileType = sourcecode.swift; path = OnboardingFlowView.swift; sourceTree = "<group>"; };
/* End PBXFileReference section */

/* Begin PBXGroup section */
		007AAC14E2C08D52D215CB0D /* Archive */ = {
			isa = PBXGroup;
			children = (
				A2F79C7D76B758867CF0795D /* ArchiveTabRootView.swift */,
			);
			path = Archive;
			sourceTree = "<group>";
		};
		09C2824881B653828A6F77D9 /* Settings */ = {
			isa = PBXGroup;
			children = (
				814CFBBB975C559A04614B3B /* SettingsTabRootView.swift */,
			);
			path = Settings;
			sourceTree = "<group>";
		};
		10AD1BCD8932BD6D6F11DDC9 /* Localization */ = {
			isa = PBXGroup;
			children = (
				6F9215FF8C831F5F25ADF69B /* AppLanguage.swift */,
				39A104DC9D4CE442E593DCA5 /* AppStrings.swift */,
				F3E1FFC12E94230847715E65 /* AppStrings+Archive.swift */,
				072D6B479DEFACDD7C3458B8 /* AppStrings+Core.swift */,
				874A2A87D3A8C8B0C16D602D /* AppStrings+Map.swift */,
				F6F05EDEED7346C3B3EDDC3B /* AppStrings+Memory.swift */,
				8E4732824026900BCF39470D /* AppStrings+Settings.swift */,
				E48BA3076C1C631CC5B040BD /* LanguageStore.swift */,
			);
			path = Localization;
			sourceTree = "<group>";
		};
		1147366154BBE71FC37AE9D9 /* Onboarding */ = {
			isa = PBXGroup;
			children = (
				F8E3F8D2A538452DAA45EFD9 /* OnboardingFlowView.swift */,
			);
			path = Onboarding;
			sourceTree = "<group>";
		};
		22B1E8BDF142DAF10810D39E /* YOMUITests */ = {
			isa = PBXGroup;
			children = (
				A2931891EB613F90AF248C7A /* AccessibilityTests.swift */,
				42389B5368866A291F40305C /* CardRendererTests.swift */,
				A819E9BC1E2CAB35968DE004 /* ExplorationStoreTests.swift */,
				DD9C3B0E7F62AADE3CCACF75 /* GeofenceMonitorTests.swift */,
				EF92B88F9476B4C9F938CE6F /* NotificationOrchestratorTests.swift */,
				F4CD603EFFFA6C72C1051A20 /* YOMUITests.swift */,
				B44D45F7FCD76A4AEF893E41 /* SnapshotBaselines */,
			);
			path = YOMUITests;
			sourceTree = "<group>";
		};
		27B54579A5F37971B558DEEB /* DesignSystem */ = {
			isa = PBXGroup;
			children = (
				DDE8EBE7EBC95A4B4258374F /* DSStyles.swift */,
				F0F2624E7F7291B5F9D5C12E /* DSTokens.swift */,
				B8AFC57212BDA90BF498EF20 /* DSTypography.swift */,
			);
			path = DesignSystem;
			sourceTree = "<group>";
		};
		39AFC04FDEE19A8353F472CA /* Features */ = {
			isa = PBXGroup;
			children = (
				007AAC14E2C08D52D215CB0D /* Archive */,
				87D8A74DFC7E1527FE5B4810 /* Map */,
				A8F5E02E1B0CB729FEADDC16 /* Memory */,
				1147366154BBE71FC37AE9D9 /* Onboarding */,
				A3488CE0470F463EAE8CDAE5 /* Retrieval */,
				09C2824881B653828A6F77D9 /* Settings */,
			);
			path = Features;
			sourceTree = "<group>";
		};
		615244F220049760E61F6E3C = {
			isa = PBXGroup;
			children = (
				D0E19DE7725FFD25D63D1C40 /* App */,
				39AFC04FDEE19A8353F472CA /* Features */,
				9D3998A5AFE4DD886251779E /* Resources */,
				6A11193AEF0E214AB361A581 /* Shared */,
				22B1E8BDF142DAF10810D39E /* YOMUITests */,
				638D2E323B46C0F7D03A7404 /* Products */,
			);
			sourceTree = "<group>";
		};
		638D2E323B46C0F7D03A7404 /* Products */ = {
			isa = PBXGroup;
			children = (
				B6E3F6C94A84994F1B12C854 /* YOM.app */,
				EB9BA07413744F5858115582 /* YOMUITests.xctest */,
			);
			name = Products;
			sourceTree = "<group>";
		};
		654855FC972728221B473638 /* Models */ = {
			isa = PBXGroup;
			children = (
				D43B208E8AB43AFC434089B3 /* MemoryMedia.swift */,
				BE360DB4018FD969BE4FE19B /* MemoryPoint.swift */,
				30EC77F863A9C094EC9FC979 /* PointOfInterest.swift */,
			);
			path = Models;
			sourceTree = "<group>";
		};
		6A11193AEF0E214AB361A581 /* Shared */ = {
			isa = PBXGroup;
			children = (
				27B54579A5F37971B558DEEB /* DesignSystem */,
				10AD1BCD8932BD6D6F11DDC9 /* Localization */,
				654855FC972728221B473638 /* Models */,
			);
			path = Shared;
			sourceTree = "<group>";
		};
		87D8A74DFC7E1527FE5B4810 /* Map */ = {
			isa = PBXGroup;
			children = (
				04EAE625BDDF8DBD84047060 /* MapPreviewViews.swift */,
				5FBF28778AF7C69E7B6789BF /* MapScreenState.swift */,
				0A47498EFCF9E3203EA1AA21 /* MapSearchField.swift */,
				29B05BBE33799E95F538C33E /* MapSearchModel.swift */,
				11479DCBF57389B366329360 /* MapSearchOverlayCard.swift */,
				9EEC5CF1D0E364422DB2B5A4 /* MapTabRootView.swift */,
				654C28D6805118895B1FE18B /* UserLocationProvider.swift */,
			);
			path = Map;
			sourceTree = "<group>";
		};
		9D3998A5AFE4DD886251779E /* Resources */ = {
			isa = PBXGroup;
			children = (
				736C926176A25F375E2414E7 /* Assets.xcassets */,
				69FC31DDF3B3678D5968A1AE /* memories.json */,
			);
			path = Resources;
			sourceTree = "<group>";
		};
		A3488CE0470F463EAE8CDAE5 /* Retrieval */ = {
			isa = PBXGroup;
			children = (
				A135E5110EE95B03984F7F5B /* MemoryDetailView.swift */,
				56ACACA61D8E261D6E98C107 /* RetrievalView.swift */,
			);
			path = Retrieval;
			sourceTree = "<group>";
		};
		A8F5E02E1B0CB729FEADDC16 /* Memory */ = {
			isa = PBXGroup;
			children = (
				401EA9B16E8C3F87AB990C81 /* CardRenderer.swift */,
				1B709B32B60318717DA9EEC1 /* ExplorationStore.swift */,
				AA7754BF47A285A27CEFF31E /* GeofenceMonitor.swift */,
				3318D1BBACAAC0B2F8253145 /* LocalMemoryRepository.swift */,
				6280035E6B816EBDE64B4400 /* NotificationOrchestrator.swift */,
				9072985362747E255A95BE64 /* PassiveExperienceCoordinator.swift */,
				252E7FAC6EDAB03443E98A57 /* UnlockEvaluator.swift */,
			);
			path = Memory;
			sourceTree = "<group>";
		};
		B44D45F7FCD76A4AEF893E41 /* SnapshotBaselines */ = {
			isa = PBXGroup;
			children = (
				B74B4DDF470B3FE2AF2F270C /* archive.placeholder.png */,
				AEC4529220376050821E902A /* archive.png */,
				136A509CE3D45AAAFE56AF84 /* map.placeholder.png */,
				60205C615DE460D076FE791C /* map.png */,
				18F0C34008F6C5F3BEA9DD90 /* onboarding.placeholder.png */,
				9393F47E91684A0D2B4E648F /* onboarding.png */,
				2442BC29B025B09108379389 /* README.md */,
				06969068DE1334E920A61CAF /* retrieval.placeholder.png */,
				8D3533A3CB46AEEFABB8BEE6 /* retrieval.png */,
				633A005655861F649723A1C9 /* settings.placeholder.png */,
				CBEF9F5DE58BCCAA8C63AE2A /* settings.png */,
			);
			path = SnapshotBaselines;
			sourceTree = "<group>";
		};
		D0E19DE7725FFD25D63D1C40 /* App */ = {
			isa = PBXGroup;
			children = (
				AEB87C6F11C9CD08D683B7ED /* AppRootView.swift */,
				330C4CF0526472DBA280F754 /* AppShellState.swift */,
				D7BDBF9EB1B292ED4D8B8791 /* YOMApp.swift */,
			);
			path = App;
			sourceTree = "<group>";
		};
/* End PBXGroup section */

/* Begin PBXNativeTarget section */
		8999E9E7BAAD80538C1EF326 /* YOM */ = {
			isa = PBXNativeTarget;
			buildConfigurationList = C3685CE7FE7FB90F6B7737E3 /* Build configuration list for PBXNativeTarget "YOM" */;
			buildPhases = (
				FC8DCDD2CE35334CE2201347 /* Sources */,
				63E3383FB17860EBC7E8A80F /* Resources */,
			);
			buildRules = (
			);
			dependencies = (
			);
			name = YOM;
			packageProductDependencies = (
			);
			productName = YOM;
			productReference = B6E3F6C94A84994F1B12C854 /* YOM.app */;
			productType = "com.apple.product-type.application";
		};
		A573D0B57D756B6343FBE0ED /* YOMUITests */ = {
			isa = PBXNativeTarget;
			buildConfigurationList = C2543C2D1DE4D9A6F5D21CF9 /* Build configuration list for PBXNativeTarget "YOMUITests" */;
			buildPhases = (
				697ED5D01285B8A3019AD301 /* Sources */,
				9A7F43E4A189B7D3C9A072EC /* Resources */,
			);
			buildRules = (
			);
			dependencies = (
				E7A29C15EFC17E2FA42BB306 /* PBXTargetDependency */,
			);
			name = YOMUITests;
			packageProductDependencies = (
			);
			productName = YOMUITests;
			productReference = EB9BA07413744F5858115582 /* YOMUITests.xctest */;
			productType = "com.apple.product-type.bundle.ui-testing";
		};
/* End PBXNativeTarget section */

/* Begin PBXProject section */
		E0CDE8C4665D4E441269BD66 /* Project object */ = {
			isa = PBXProject;
			attributes = {
				BuildIndependentTargetsInParallel = YES;
				LastUpgradeCheck = 2630;
				TargetAttributes = {
					8999E9E7BAAD80538C1EF326 = {
						ProvisioningStyle = Automatic;
					};
					A573D0B57D756B6343FBE0ED = {
						DevelopmentTeam = "";
						ProvisioningStyle = Automatic;
						TestTargetID = 8999E9E7BAAD80538C1EF326;
					};
				};
			};
			buildConfigurationList = EE4A2F1CD630FD5ADF2B008E /* Build configuration list for PBXProject "YOM" */;
			compatibilityVersion = "Xcode 14.0";
			developmentRegion = en;
			hasScannedForEncodings = 0;
			knownRegions = (
				Base,
				en,
			);
			mainGroup = 615244F220049760E61F6E3C;
			minimizedProjectReferenceProxies = 1;
			projectDirPath = "";
			projectRoot = "";
			targets = (
				8999E9E7BAAD80538C1EF326 /* YOM */,
				A573D0B57D756B6343FBE0ED /* YOMUITests */,
			);
		};
/* End PBXProject section */

/* Begin PBXResourcesBuildPhase section */
		63E3383FB17860EBC7E8A80F /* Resources */ = {
			isa = PBXResourcesBuildPhase;
			buildActionMask = 2147483647;
			files = (
				9059F21185203B1011C6A538 /* Assets.xcassets in Resources */,
				659AD0CD87FC99CD97C63339 /* memories.json in Resources */,
			);
			runOnlyForDeploymentPostprocessing = 0;
		};
		9A7F43E4A189B7D3C9A072EC /* Resources */ = {
			isa = PBXResourcesBuildPhase;
			buildActionMask = 2147483647;
			files = (
				4421FE1CCADFFAEC966DF5C4 /* README.md in Resources */,
				590F534AF777709B3A572B00 /* archive.placeholder.png in Resources */,
				838D29796657FC21910F96C5 /* archive.png in Resources */,
				2E35C404A4AAFBEC1680C781 /* map.placeholder.png in Resources */,
				70FD728FE411A08F561A9663 /* map.png in Resources */,
				7EFCE0389BDC4C57C072FFC8 /* onboarding.placeholder.png in Resources */,
				6F56675147CF7A0A23537C35 /* onboarding.png in Resources */,
				6DF020899618E87E4DAB578D /* retrieval.placeholder.png in Resources */,
				844089E0C5B5082646303A3F /* retrieval.png in Resources */,
				3F1CEBD54D3D9E4FBE9CAD46 /* settings.placeholder.png in Resources */,
				FE9553239FD82E9BE8F30164 /* settings.png in Resources */,
			);
			runOnlyForDeploymentPostprocessing = 0;
		};
/* End PBXResourcesBuildPhase section */

/* Begin PBXSourcesBuildPhase section */
		697ED5D01285B8A3019AD301 /* Sources */ = {
			isa = PBXSourcesBuildPhase;
			buildActionMask = 2147483647;
			files = (
				B9E5CE9B636F85E80F71A0FF /* AccessibilityTests.swift in Sources */,
				E05F016222E375771EDD53F5 /* AppLanguage.swift in Sources */,
				A67C12A502395A7EAC066C27 /* CardRenderer.swift in Sources */,
				BFD665EE546524AD2BB750CE /* CardRendererTests.swift in Sources */,
				16CB2C36B207FB2B451DE487 /* ExplorationStore.swift in Sources */,
				CB392527338439FDEF6959CD /* ExplorationStoreTests.swift in Sources */,
				A98BA8BAE8A7AD5AD0254CB8 /* GeofenceMonitor.swift in Sources */,
				9DE4DD13BAD6DAE0F128AF3E /* GeofenceMonitorTests.swift in Sources */,
				5FD08817BF8205034ECBF0B7 /* MemoryMedia.swift in Sources */,
				FE75F52302B4546C3EBA47DD /* MemoryPoint.swift in Sources */,
				EF7479425D38987B773C78F5 /* NotificationOrchestrator.swift in Sources */,
				C544FE1D182E2F5F4BA8165A /* NotificationOrchestratorTests.swift in Sources */,
				62E55933CB7FAE879BBA583E /* PassiveExperienceCoordinator.swift in Sources */,
				A651A1DE33BD5937504271F8 /* PointOfInterest.swift in Sources */,
				922815F7B002ED3086F72266 /* YOMUITests.swift in Sources */,
			);
			runOnlyForDeploymentPostprocessing = 0;
		};
		FC8DCDD2CE35334CE2201347 /* Sources */ = {
			isa = PBXSourcesBuildPhase;
			buildActionMask = 2147483647;
			files = (
				F5C2F86251E20844932CB975 /* AppLanguage.swift in Sources */,
				601C35A9B00A1DB151051547 /* AppRootView.swift in Sources */,
				B2FBED56AED2D4DC6377871D /* AppShellState.swift in Sources */,
				A478C83F02510668DCFCA5D2 /* AppStrings+Archive.swift in Sources */,
				9A058177E5831C53A785F133 /* AppStrings+Core.swift in Sources */,
				C6A65EA6A27178F5A68CD3F9 /* AppStrings+Map.swift in Sources */,
				A4E4E7C3E2E315F6835D3768 /* AppStrings+Memory.swift in Sources */,
				E1F3C2EBEBA6F1DB68A27C43 /* AppStrings+Settings.swift in Sources */,
				2A347185509793B3DA244206 /* AppStrings.swift in Sources */,
				50FEA284F803FAE6932CC538 /* ArchiveTabRootView.swift in Sources */,
				5053FD46BBD3852A3B1512BC /* CardRenderer.swift in Sources */,
				94CB96CDA7FE541504CF1DC3 /* DSStyles.swift in Sources */,
				3E87E4445A586E0460B568DE /* DSTokens.swift in Sources */,
				BA228EF987DAA1271F761E13 /* DSTypography.swift in Sources */,
				F067CDB71554903EA8297B0E /* ExplorationStore.swift in Sources */,
				7173E8FA5FCD7A54B7D636B3 /* GeofenceMonitor.swift in Sources */,
				DA7CE9EBDCABD70173FF7D6B /* LanguageStore.swift in Sources */,
				D34D91DD5ED11CBBB385A55B /* LocalMemoryRepository.swift in Sources */,
				DAE8929ABEC1BB15702D7B6C /* MapPreviewViews.swift in Sources */,
				0DF69D8673B1942FB1336F06 /* MapScreenState.swift in Sources */,
				D02C1CDE827A43451BF0C245 /* MapSearchField.swift in Sources */,
				B14636EEE3FE576D94B574FC /* MapSearchModel.swift in Sources */,
				C7929043832825A6D91E6580 /* MapSearchOverlayCard.swift in Sources */,
				F8DCC8888CDA9F29AA55DD2A /* MapTabRootView.swift in Sources */,
				3D8EEB0C927F2B93A9114468 /* MemoryDetailView.swift in Sources */,
				1BC77F0D8634170E9E61E84F /* MemoryMedia.swift in Sources */,
				EAEF1AD84157D5AA28AE5D29 /* MemoryPoint.swift in Sources */,
				F9552EB6C9322D5738644B37 /* NotificationOrchestrator.swift in Sources */,
				84F07A743C05A628C18F0556 /* OnboardingFlowView.swift in Sources */,
				DEF9AA24EB749EF82E7CB933 /* PassiveExperienceCoordinator.swift in Sources */,
				267A3D9AD562FD9EB3744E13 /* PointOfInterest.swift in Sources */,
				80BA78F819D86A875444BF87 /* RetrievalView.swift in Sources */,
				94825F1141F1B7D898AE97BF /* SettingsTabRootView.swift in Sources */,
				5224457B3722C17CDA74721F /* UnlockEvaluator.swift in Sources */,
				B5B32F591194C137C1175308 /* UserLocationProvider.swift in Sources */,
				3C5007E7D11717F504FB8A90 /* YOMApp.swift in Sources */,
			);
			runOnlyForDeploymentPostprocessing = 0;
		};
/* End PBXSourcesBuildPhase section */

/* Begin PBXTargetDependency section */
		E7A29C15EFC17E2FA42BB306 /* PBXTargetDependency */ = {
			isa = PBXTargetDependency;
			target = 8999E9E7BAAD80538C1EF326 /* YOM */;
			targetProxy = 0DEB1BAB52D5B8482C1E28D2 /* PBXContainerItemProxy */;
		};
/* End PBXTargetDependency section */

/* Begin XCBuildConfiguration section */
		0A6F5B115CAD858E98CC5D47 /* Release */ = {
			isa = XCBuildConfiguration;
			buildSettings = {
				BUNDLE_LOADER = "$(TEST_HOST)";
				GENERATE_INFOPLIST_FILE = YES;
				IPHONEOS_DEPLOYMENT_TARGET = 17.0;
				LD_RUNPATH_SEARCH_PATHS = (
					"$(inherited)",
					"@executable_path/Frameworks",
					"@loader_path/Frameworks",
				);
				PRODUCT_BUNDLE_IDENTIFIER = com.yom.appshell.uitests;
				PRODUCT_MODULE_NAME = YOMUITests;
				PRODUCT_NAME = "$(TARGET_NAME)";
				SDKROOT = iphoneos;
				TARGETED_DEVICE_FAMILY = "1,2";
				TEST_TARGET_NAME = YOM;
			};
			name = Release;
		};
		0ED2DECF491CC921B2C1A99A /* Debug */ = {
			isa = XCBuildConfiguration;
			buildSettings = {
				ASSETCATALOG_COMPILER_APPICON_NAME = AppIcon;
				CODE_SIGN_IDENTITY = "iPhone Developer";
				DEVELOPMENT_TEAM = 58Y8HL3FTS;
				INFOPLIST_KEY_NSLocationAlwaysAndWhenInUseUsageDescription = "We use your location to deliver nearby memory reminders while you explore.";
				INFOPLIST_KEY_NSLocationWhenInUseUsageDescription = "We use your location to show your position on the map.";
				INFOPLIST_KEY_NSPhotoLibraryAddUsageDescription = "We save generated memory cards to your photo library when you choose Save to Photos.";
				INFOPLIST_KEY_UIApplicationSupportsIndirectInputEvents = YES;
				INFOPLIST_KEY_UILaunchScreen_Generation = YES;
				INFOPLIST_KEY_UIStatusBarStyle = UIStatusBarStyleDefault;
				IPHONEOS_DEPLOYMENT_TARGET = 17.0;
				LD_RUNPATH_SEARCH_PATHS = (
					"$(inherited)",
					"@executable_path/Frameworks",
				);
				PRODUCT_BUNDLE_IDENTIFIER = com.yom.appshell;
				SDKROOT = iphoneos;
				TARGETED_DEVICE_FAMILY = "1,2";
			};
			name = Debug;
		};
		1F6BFD16835D7296C2D0C2EE /* Release */ = {
			isa = XCBuildConfiguration;
			buildSettings = {
				ASSETCATALOG_COMPILER_APPICON_NAME = AppIcon;
				CODE_SIGN_IDENTITY = "iPhone Developer";
				DEVELOPMENT_TEAM = 58Y8HL3FTS;
				INFOPLIST_KEY_NSLocationAlwaysAndWhenInUseUsageDescription = "We use your location to deliver nearby memory reminders while you explore.";
				INFOPLIST_KEY_NSLocationWhenInUseUsageDescription = "We use your location to show your position on the map.";
				INFOPLIST_KEY_NSPhotoLibraryAddUsageDescription = "We save generated memory cards to your photo library when you choose Save to Photos.";
				INFOPLIST_KEY_UIApplicationSupportsIndirectInputEvents = YES;
				INFOPLIST_KEY_UILaunchScreen_Generation = YES;
				INFOPLIST_KEY_UIStatusBarStyle = UIStatusBarStyleDefault;
				IPHONEOS_DEPLOYMENT_TARGET = 17.0;
				LD_RUNPATH_SEARCH_PATHS = (
					"$(inherited)",
					"@executable_path/Frameworks",
				);
				PRODUCT_BUNDLE_IDENTIFIER = com.yom.appshell;
				SDKROOT = iphoneos;
				TARGETED_DEVICE_FAMILY = "1,2";
			};
			name = Release;
		};
		307211991ACBB6756C82A887 /* Debug */ = {
			isa = XCBuildConfiguration;
			buildSettings = {
				BUNDLE_LOADER = "$(TEST_HOST)";
				GENERATE_INFOPLIST_FILE = YES;
				IPHONEOS_DEPLOYMENT_TARGET = 17.0;
				LD_RUNPATH_SEARCH_PATHS = (
					"$(inherited)",
					"@executable_path/Frameworks",
					"@loader_path/Frameworks",
				);
				PRODUCT_BUNDLE_IDENTIFIER = com.yom.appshell.uitests;
				PRODUCT_MODULE_NAME = YOMUITests;
				PRODUCT_NAME = "$(TARGET_NAME)";
				SDKROOT = iphoneos;
				TARGETED_DEVICE_FAMILY = "1,2";
				TEST_TARGET_NAME = YOM;
			};
			name = Debug;
		};
		66935CE44FEBF163E36F36C4 /* Debug */ = {
			isa = XCBuildConfiguration;
			buildSettings = {
				ALWAYS_SEARCH_USER_PATHS = NO;
				ASSETCATALOG_COMPILER_APPICON_NAME = AppIcon;
				CLANG_ANALYZER_NONNULL = YES;
				CLANG_ANALYZER_NUMBER_OBJECT_CONVERSION = YES_AGGRESSIVE;
				CLANG_CXX_LANGUAGE_STANDARD = "gnu++14";
				CLANG_CXX_LIBRARY = "libc++";
				CLANG_ENABLE_MODULES = YES;
				CLANG_ENABLE_OBJC_ARC = YES;
				CLANG_ENABLE_OBJC_WEAK = YES;
				CLANG_WARN_BLOCK_CAPTURE_AUTORELEASING = YES;
				CLANG_WARN_BOOL_CONVERSION = YES;
				CLANG_WARN_COMMA = YES;
				CLANG_WARN_CONSTANT_CONVERSION = YES;
				CLANG_WARN_DEPRECATED_OBJC_IMPLEMENTATIONS = YES;
				CLANG_WARN_DIRECT_OBJC_ISA_USAGE = YES_ERROR;
				CLANG_WARN_DOCUMENTATION_COMMENTS = YES;
				CLANG_WARN_EMPTY_BODY = YES;
				CLANG_WARN_ENUM_CONVERSION = YES;
				CLANG_WARN_INFINITE_RECURSION = YES;
				CLANG_WARN_INT_CONVERSION = YES;
				CLANG_WARN_NON_LITERAL_NULL_CONVERSION = YES;
				CLANG_WARN_OBJC_IMPLICIT_RETAIN_SELF = YES;
				CLANG_WARN_OBJC_LITERAL_CONVERSION = YES;
				CLANG_WARN_OBJC_ROOT_CLASS = YES_ERROR;
				CLANG_WARN_QUOTED_INCLUDE_IN_FRAMEWORK_HEADER = YES;
				CLANG_WARN_RANGE_LOOP_ANALYSIS = YES;
				CLANG_WARN_STRICT_PROTOTYPES = YES;
				CLANG_WARN_SUSPICIOUS_MOVE = YES;
				CLANG_WARN_UNGUARDED_AVAILABILITY = YES_AGGRESSIVE;
				CLANG_WARN_UNREACHABLE_CODE = YES;
				CLANG_WARN__DUPLICATE_METHOD_MATCH = YES;
				CODE_SIGN_STYLE = Automatic;
				COPY_PHASE_STRIP = NO;
				CURRENT_PROJECT_VERSION = 1;
				DEBUG_INFORMATION_FORMAT = dwarf;
				DEVELOPMENT_TEAM = "";
				ENABLE_STRICT_OBJC_MSGSEND = YES;
				ENABLE_TESTABILITY = YES;
				ENABLE_USER_SCRIPT_SANDBOXING = YES;
				GCC_C_LANGUAGE_STANDARD = gnu11;
				GCC_DYNAMIC_NO_PIC = NO;
				GCC_NO_COMMON_BLOCKS = YES;
				GCC_OPTIMIZATION_LEVEL = 0;
				GCC_PREPROCESSOR_DEFINITIONS = (
					"$(inherited)",
					"DEBUG=1",
				);
				GCC_WARN_64_TO_32_BIT_CONVERSION = YES;
				GCC_WARN_ABOUT_RETURN_TYPE = YES_ERROR;
				GCC_WARN_UNDECLARED_SELECTOR = YES;
				GCC_WARN_UNINITIALIZED_AUTOS = YES_AGGRESSIVE;
				GCC_WARN_UNUSED_FUNCTION = YES;
				GCC_WARN_UNUSED_VARIABLE = YES;
				GENERATE_INFOPLIST_FILE = YES;
				IPHONEOS_DEPLOYMENT_TARGET = 17.0;
				MARKETING_VERSION = 1.0;
				MTL_ENABLE_DEBUG_INFO = INCLUDE_SOURCE;
				MTL_FAST_MATH = YES;
				ONLY_ACTIVE_ARCH = YES;
				PRODUCT_NAME = YOM;
				SDKROOT = iphoneos;
				SUPPORTS_MACCATALYST = NO;
				SWIFT_ACTIVE_COMPILATION_CONDITIONS = DEBUG;
				SWIFT_OPTIMIZATION_LEVEL = "-Onone";
				SWIFT_VERSION = 5.0;
				TARGETED_DEVICE_FAMILY = "1,2";
			};
			name = Debug;
		};
		FB66335017DFDC917A95C8EB /* Release */ = {
			isa = XCBuildConfiguration;
			buildSettings = {
				ALWAYS_SEARCH_USER_PATHS = NO;
				ASSETCATALOG_COMPILER_APPICON_NAME = AppIcon;
				CLANG_ANALYZER_NONNULL = YES;
				CLANG_ANALYZER_NUMBER_OBJECT_CONVERSION = YES_AGGRESSIVE;
				CLANG_CXX_LANGUAGE_STANDARD = "gnu++14";
				CLANG_CXX_LIBRARY = "libc++";
				CLANG_ENABLE_MODULES = YES;
				CLANG_ENABLE_OBJC_ARC = YES;
				CLANG_ENABLE_OBJC_WEAK = YES;
				CLANG_WARN_BLOCK_CAPTURE_AUTORELEASING = YES;
				CLANG_WARN_BOOL_CONVERSION = YES;
				CLANG_WARN_COMMA = YES;
				CLANG_WARN_CONSTANT_CONVERSION = YES;
				CLANG_WARN_DEPRECATED_OBJC_IMPLEMENTATIONS = YES;
				CLANG_WARN_DIRECT_OBJC_ISA_USAGE = YES_ERROR;
				CLANG_WARN_DOCUMENTATION_COMMENTS = YES;
				CLANG_WARN_EMPTY_BODY = YES;
				CLANG_WARN_ENUM_CONVERSION = YES;
				CLANG_WARN_INFINITE_RECURSION = YES;
				CLANG_WARN_INT_CONVERSION = YES;
				CLANG_WARN_NON_LITERAL_NULL_CONVERSION = YES;
				CLANG_WARN_OBJC_IMPLICIT_RETAIN_SELF = YES;
				CLANG_WARN_OBJC_LITERAL_CONVERSION = YES;
				CLANG_WARN_OBJC_ROOT_CLASS = YES_ERROR;
				CLANG_WARN_QUOTED_INCLUDE_IN_FRAMEWORK_HEADER = YES;
				CLANG_WARN_RANGE_LOOP_ANALYSIS = YES;
				CLANG_WARN_STRICT_PROTOTYPES = YES;
				CLANG_WARN_SUSPICIOUS_MOVE = YES;
				CLANG_WARN_UNGUARDED_AVAILABILITY = YES_AGGRESSIVE;
				CLANG_WARN_UNREACHABLE_CODE = YES;
				CLANG_WARN__DUPLICATE_METHOD_MATCH = YES;
				CODE_SIGN_STYLE = Automatic;
				COPY_PHASE_STRIP = NO;
				CURRENT_PROJECT_VERSION = 1;
				DEBUG_INFORMATION_FORMAT = "dwarf-with-dsym";
				DEVELOPMENT_TEAM = "";
				ENABLE_NS_ASSERTIONS = NO;
				ENABLE_STRICT_OBJC_MSGSEND = YES;
				ENABLE_USER_SCRIPT_SANDBOXING = YES;
				GCC_C_LANGUAGE_STANDARD = gnu11;
				GCC_NO_COMMON_BLOCKS = YES;
				GCC_WARN_64_TO_32_BIT_CONVERSION = YES;
				GCC_WARN_ABOUT_RETURN_TYPE = YES_ERROR;
				GCC_WARN_UNDECLARED_SELECTOR = YES;
				GCC_WARN_UNINITIALIZED_AUTOS = YES_AGGRESSIVE;
				GCC_WARN_UNUSED_FUNCTION = YES;
				GCC_WARN_UNUSED_VARIABLE = YES;
				GENERATE_INFOPLIST_FILE = YES;
				IPHONEOS_DEPLOYMENT_TARGET = 17.0;
				MARKETING_VERSION = 1.0;
				MTL_ENABLE_DEBUG_INFO = NO;
				MTL_FAST_MATH = YES;
				PRODUCT_NAME = YOM;
				SDKROOT = iphoneos;
				SUPPORTS_MACCATALYST = NO;
				SWIFT_COMPILATION_MODE = wholemodule;
				SWIFT_OPTIMIZATION_LEVEL = "-O";
				SWIFT_VERSION = 5.0;
				TARGETED_DEVICE_FAMILY = "1,2";
			};
			name = Release;
		};
/* End XCBuildConfiguration section */

/* Begin XCConfigurationList section */
		C2543C2D1DE4D9A6F5D21CF9 /* Build configuration list for PBXNativeTarget "YOMUITests" */ = {
			isa = XCConfigurationList;
			buildConfigurations = (
				307211991ACBB6756C82A887 /* Debug */,
				0A6F5B115CAD858E98CC5D47 /* Release */,
			);
			defaultConfigurationIsVisible = 0;
			defaultConfigurationName = Debug;
		};
		C3685CE7FE7FB90F6B7737E3 /* Build configuration list for PBXNativeTarget "YOM" */ = {
			isa = XCConfigurationList;
			buildConfigurations = (
				0ED2DECF491CC921B2C1A99A /* Debug */,
				1F6BFD16835D7296C2D0C2EE /* Release */,
			);
			defaultConfigurationIsVisible = 0;
			defaultConfigurationName = Debug;
		};
		EE4A2F1CD630FD5ADF2B008E /* Build configuration list for PBXProject "YOM" */ = {
			isa = XCConfigurationList;
			buildConfigurations = (
				66935CE44FEBF163E36F36C4 /* Debug */,
				FB66335017DFDC917A95C8EB /* Release */,
			);
			defaultConfigurationIsVisible = 0;
			defaultConfigurationName = Debug;
		};
/* End XCConfigurationList section */
	};
	rootObject = E0CDE8C4665D4E441269BD66 /* Project object */;
}
